lockfileVersion: '9.0'

settings:
  autoInstallPeers: true
  excludeLinksFromLockfile: false

importers:

  .:
    dependencies:
      '@deepseek-ai/cordis':
        specifier: ^4.0.2
        version: 4.0.2
      '@deepseek-ai/dsh-client-connection':
        specifier: ^0.1.5-rc.2
        version: 0.1.5-rc.2(@deepseek-ai/cordis@4.0.2)(@deepseek-ai/dsh-invariants@0.1.5-rc.2(@deepseek-ai/cordis@4.0.2))
      '@deepseek-ai/dsh-client-locale':
        specifier: ^0.1.5-rc.2
        version: 0.1.5-rc.2(@deepseek-ai/cordis@4.0.2)
      '@deepseek-ai/dsh-session':
        specifier: ^0.1.5-rc.2
        version: 0.1.5-rc.2(@deepseek-ai/cordis@4.0.2)(@deepseek-ai/dsh-scope@0.1.5-rc.2(@deepseek-ai/cordis@4.0.2)(@deepseek-ai/dsh-invariants@0.1.5-rc.2(@deepseek-ai/cordis@4.0.2)))
      '@deepseek-ai/dsh-settings':
        specifier: ^0.1.5-rc.2
        version: 0.1.5-rc.2(@deepseek-ai/cordis@4.0.2)(@deepseek-ai/dsh-brand@0.1.5-rc.2(@deepseek-ai/cordis@4.0.2))(@deepseek-ai/dsh-invariants@0.1.5-rc.2(@deepseek-ai/cordis@4.0.2))(@deepseek-ai/dsh-session@0.1.5-rc.2(@deepseek-ai/cordis@4.0.2)(@deepseek-ai/dsh-scope@0.1.5-rc.2(@deepseek-ai/cordis@4.0.2)(@deepseek-ai/dsh-invariants@0.1.5-rc.2(@deepseek-ai/cordis@4.0.2))))(@deepseek-ai/schemastery@3.18.2)
      '@deepseek-ai/dsh-user-approval':
        specifier: ^0.1.5-rc.2
        version: 0.1.5-rc.2(@deepseek-ai/cordis@4.0.2)(@deepseek-ai/dsh-agent@0.1.5-rc.2(6df6622855b87cb7fde1fe609a6d039a))(@deepseek-ai/dsh-brand@0.1.5-rc.2(@deepseek-ai/cordis@4.0.2))(@deepseek-ai/dsh-invariants@0.1.5-rc.2(@deepseek-ai/cordis@4.0.2))(@deepseek-ai/dsh-llm@0.1.5-rc.2(@deepseek-ai/cordis@4.0.2))(@deepseek-ai/dsh-scope@0.1.5-rc.2(@deepseek-ai/cordis@4.0.2)(@deepseek-ai/dsh-invariants@0.1.5-rc.2(@deepseek-ai/cordis@4.0.2)))(@deepseek-ai/dsh-session@0.1.5-rc.2(@deepseek-ai/cordis@4.0.2)(@deepseek-ai/dsh-scope@0.1.5-rc.2(@deepseek-ai/cordis@4.0.2)(@deepseek-ai/dsh-invariants@0.1.5-rc.2(@deepseek-ai/cordis@4.0.2))))(@deepseek-ai/dsh-system-prompt@0.1.5-rc.2(@deepseek-ai/cordis@4.0.2)(@deepseek-ai/dsh-invariants@0.1.5-rc.2(@deepseek-ai/cordis@4.0.2))(@deepseek-ai/dsh-llm@0.1.5-rc.2(@deepseek-ai/cordis@4.0.2))(@deepseek-ai/dsh-scope@0.1.5-rc.2(@deepseek-ai/cordis@4.0.2)(@deepseek-ai/dsh-invariants@0.1.5-rc.2(@deepseek-ai/cordis@4.0.2))))
      '@deepseek-ai/schemastery':
        specifier: ^3.18.2
        version: 3.18.2
      react:
        specifier: ^18.2.0
        version: 18.3.1
      react-dom:
        specifier: ^18.2.0
        version: 18.3.1(react@18.3.1)
    devDependencies:
      '@types/node':
        specifier: ^22.20.0
        version: 22.20.1
      typescript:
        specifier: ^5.9.0
        version: 5.9.3

packages:

  '@deepseek-ai/cordis@4.0.2':
    resolution: {integrity: sha512-asOnXP1TzFSFQlHb1iegDZp0z/8WD1c7YNrwJR/Tx2bzNuMXfcekE/I67Iv6SQXeLB4csxqCngzQKANP7gdw0g==}
    hasBin: true
    peerDependencies:
      '@deepseek-ai/cordis-plugin-include': ^1.0.7
      '@deepseek-ai/cordis-plugin-loader': ^1.0.3
    peerDependenciesMeta:
      '@deepseek-ai/cordis-plugin-include':
        optional: true
      '@deepseek-ai/cordis-plugin-loader':
        optional: true

  '@deepseek-ai/cosmokit@1.8.3':
    resolution: {integrity: sha512-qBo+ronVM6Eu2WNVJXi8JcMiqZ19T9BRIpV+5qJUFPXjGH/Z0QKcQMC/IZJ7L394YTOtJgcovbk9qP0w2GsBXQ==}

  '@deepseek-ai/dsh-agent@0.1.5-rc.2':
    resolution: {integrity: sha512-SlUL1riZmVLwMUR3jo9CP/R1cxov9dHkCJDh6JQW3fSZJVCIdPygBRlAweCUDvHxAEmPpFHxE/U3NmSUbX+vQQ==}
    peerDependencies:
      '@deepseek-ai/cordis': ^4.0.2
      '@deepseek-ai/dsh-invariants': ^0.1.5-rc.2
      '@deepseek-ai/dsh-llm': ^0.1.5-rc.2
      '@deepseek-ai/dsh-scope': ^0.1.5-rc.2
      '@deepseek-ai/dsh-session': ^0.1.5-rc.2
      '@deepseek-ai/dsh-session-projection': ^0.1.5-rc.2
      '@deepseek-ai/dsh-system-prompt': ^0.1.5-rc.2
      '@deepseek-ai/dsh-typert-protocol': ^0.1.5-rc.2
      '@deepseek-ai/dsh-util-values': ^0.1.5-rc.2

  '@deepseek-ai/dsh-brand@0.1.5-rc.2':
    resolution: {integrity: sha512-/+3TzQRYT4M8NINZ9OrsL5VWNyQSXof8mFLx3txiosWA7Bt0H6UcxUdKGXVwj6gCXhsQ74mzEHm2ucsflG0mYA==}
    peerDependencies:
      '@deepseek-ai/cordis': ^4.0.2

  '@deepseek-ai/dsh-client-connection@0.1.5-rc.2':
    resolution: {integrity: sha512-W0GAZX01hAfrfjoZbtwEJ5ik3dG20Hy/0TFYJ6dnvwxtcacGYNIwi3f2oHpZgLcEw+PWwq1Y9IV1iKG+yDOytg==}
    peerDependencies:
      '@deepseek-ai/cordis': ^4.0.2

  '@deepseek-ai/dsh-client-locale@0.1.5-rc.2':
    resolution: {integrity: sha512-kv56ki/WQWagsHt94wJAPzsiKnxa8KlmM33bZGgl2SgF4atlQ3iRCdkwJ3fQARXF4Ocnfutivoj5fu5usks1Sw==}
    peerDependencies:
      '@deepseek-ai/cordis': ^4.0.2

  '@deepseek-ai/dsh-credentials@0.1.5-rc.2':
    resolution: {integrity: sha512-TfX5MYLlyw0BFERj3dGxVfP9QGcKZUE5eXDSaY7ZfJbfQgK51VfxV5tP899OxIDRD3Bw94K5Rzx+dbUTSWJBtA==}
    peerDependencies:
      '@deepseek-ai/cordis': ^4.0.2
      '@deepseek-ai/dsh-invariants': ^0.1.5-rc.2

  '@deepseek-ai/dsh-invariants@0.1.5-rc.2':
    resolution: {integrity: sha512-oUxttB2yjAgkk47AiXOCxk9GwnfGvIEGsQfnMD7fukwIdD3KLJObU7+nz63tbFN80rjwMI8rg+p9QBQ10KU5+g==}
    peerDependencies:
      '@deepseek-ai/cordis': ^4.0.2

  '@deepseek-ai/dsh-llm@0.1.5-rc.2':
    resolution: {integrity: sha512-Z7BVsBkK24SE4EItQeow8PHms/9GP0DSTi337vTAa/RY7tNg2Snz3INcXUj6CPZfvntQr1in9op9wLI+rfNsqA==}
    peerDependencies:
      '@deepseek-ai/cordis': ^4.0.2

  '@deepseek-ai/dsh-scope@0.1.5-rc.2':
    resolution: {integrity: sha512-JwItISje52iVIjlGMNayRVMZrvZU/0i3Gr0s+coND5nBp5lS+pOj9Zf1RQzA5cWjHYCWKmDuQc+m6zGlwmtAeQ==}
    peerDependencies:
      '@deepseek-ai/cordis': ^4.0.2
      '@deepseek-ai/dsh-invariants': ^0.1.5-rc.2

  '@deepseek-ai/dsh-session-projection@0.1.5-rc.2':
    resolution: {integrity: sha512-WMXGBdbxD1FO1Eu7Qs2FKDXq/kl+z+5b7zGLHdra66eEnShSnQmdF9bXSFQu1sJwba2yF7ueMcBJpWy76gtgQQ==}
    peerDependencies:
      '@deepseek-ai/cordis': ^4.0.2
      '@deepseek-ai/dsh-session': ^0.1.5-rc.2

  '@deepseek-ai/dsh-session@0.1.5-rc.2':
    resolution: {integrity: sha512-y+klWiGAWR4m4cc4ylurA0cW63673B4N8cr2ANMimweDZAfxL4XVBC7WiD/5DT2DtIhYmVZhz/niyS/WbniUTA==}
    peerDependencies:
      '@deepseek-ai/cordis': ^4.0.2
      '@deepseek-ai/dsh-scope': ^0.1.5-rc.2

  '@deepseek-ai/dsh-settings@0.1.5-rc.2':
    resolution: {integrity: sha512-LI2Y6GkEs9ALMW+7S9jHPeEZDXHtG5X6cix1HdJ1rRxTEO5427QlYhMiz45rk7hqZ8ca2O4XFMW8IWXFZQLxmw==}
    peerDependencies:
      '@deepseek-ai/cordis': ^4.0.2
      '@deepseek-ai/dsh-brand': ^0.1.5-rc.2
      '@deepseek-ai/dsh-invariants': ^0.1.5-rc.2
      '@deepseek-ai/dsh-session': ^0.1.5-rc.2
      '@deepseek-ai/schemastery': ^3.18.2

  '@deepseek-ai/dsh-system-prompt@0.1.5-rc.2':
    resolution: {integrity: sha512-VtmZVKqBMJ7kzskHu0jY+Jth7jSuKMG8QB3MBPzJe9M0LL4YPMWsGKt9gGky9RXolk/ugAy4YZEv1gUqouVofA==}
    peerDependencies:
      '@deepseek-ai/cordis': ^4.0.2
      '@deepseek-ai/dsh-invariants': ^0.1.5-rc.2
      '@deepseek-ai/dsh-llm': ^0.1.5-rc.2
      '@deepseek-ai/dsh-scope': ^0.1.5-rc.2

  '@deepseek-ai/dsh-timeout@0.1.5-rc.2':
    resolution: {integrity: sha512-FgfaAw8Zt5X4Y6Ljh833B8Hy7h96FeR+yjNKI3iSyZSqREqOBgvDGXFfQlSu6V3Buvw/cbI/CJUQJvfRBKXOiA==}
    peerDependencies:
      '@deepseek-ai/cordis': ^4.0.2

  '@deepseek-ai/dsh-typert-protocol@0.1.5-rc.2':
    resolution: {integrity: sha512-zP8J20rBXa1AFjKL2i83JBeQcePZx8yal3pNojj4t7CCokMcoFMUbr50woa6fY1tRJ7qHxgypO3rH8Q6YWgmiA==}
    peerDependencies:
      '@deepseek-ai/cordis': ^4.0.2

  '@deepseek-ai/dsh-user-approval@0.1.5-rc.2':
    resolution: {integrity: sha512-8UpMEnEyMo6mYEVELBo0DC2iG7aJJfFMTNkU+DKD3c5Ut7ySRDzt1iRr1qni/CzqlTIpQBAkGaG77qk4q/v1bg==}
    peerDependencies:
      '@deepseek-ai/cordis': ^4.0.2
      '@deepseek-ai/dsh-agent': ^0.1.5-rc.2
      '@deepseek-ai/dsh-brand': ^0.1.5-rc.2
      '@deepseek-ai/dsh-invariants': ^0.1.5-rc.2
      '@deepseek-ai/dsh-llm': ^0.1.5-rc.2
      '@deepseek-ai/dsh-scope': ^0.1.5-rc.2
      '@deepseek-ai/dsh-session': ^0.1.5-rc.2
      '@deepseek-ai/dsh-system-prompt': ^0.1.5-rc.2

  '@deepseek-ai/dsh-util-crypto@0.1.5-rc.2':
    resolution: {integrity: sha512-JR0aJEUL35RE8FVT89wMZMbPwMrbkjNcy+gE9pq70d/m2Zxw3a0iNer+BAxPAKYPbmy0xDDXReTwXiecKVy4sQ==}
    peerDependencies:
      '@deepseek-ai/cordis': ^4.0.2

  '@deepseek-ai/dsh-util-values@0.1.5-rc.2':
    resolution: {integrity: sha512-Cr0TkM6dFAD+Iy4sNXH/afJVMHwJXoOztivj+RflkYoACsOq+Ix0vdHn36hwW7mayU8OK3ZKIZUQ6BPo1fHvUg==}
    peerDependencies:
      '@deepseek-ai/cordis': ^4.0.2

  '@deepseek-ai/schemastery@3.18.2':
    resolution: {integrity: sha512-njDtZsznjYxok7KLLlHOPyuv2efdWVbSflAHgztSfbMsg+CVraEoRe2DjOCgClYv3ZCSm7WXoaUkbB/+RY7tWQ==}

  '@standard-schema/spec@1.1.0':
    resolution: {integrity: sha512-l2aFy5jALhniG5HgqrD6jXLi/rUWrKvqN/qJx6yoJsgKhblVd+iqqU4RCXavm/jPityDo5TCvKMnpjKnOriy0w==}

  '@types/node@22.20.1':
    resolution: {integrity: sha512-EANqOCF9QFyra+4pfxUcX9STKJpCLjMbObVzljIJomAWSnuSIEAvyzEU53GaajbXJEgdh0iEcPL+DGvpUd4k1Q==}

  js-tokens@4.0.0:
    resolution: {integrity: sha512-RdJUflcE3cUzKiMqQgsCu06FPu9UdIJO0beYbPhHN4k6apgJtifcoCtT9bcxOpYBtpD2kCM6Sbzg4CausW/PKQ==}

  loose-envify@1.4.0:
    resolution: {integrity: sha512-lyuxPGr/Wfhrlem2CL/UcnUc1zcqKAImBDzukY7Y5F/yQiNdko6+fRLevlw1HgMySw7f611UIY408EtxRSoK3Q==}
    hasBin: true

  react-dom@18.3.1:
    resolution: {integrity: sha512-5m4nQKp+rZRb09LNH59GM4BxTh9251/ylbKIbpe7TpGxfJ+9kv6BLkLBXIjjspbgbnIBNqlI23tRnTWT0snUIw==}
    peerDependencies:
      react: ^18.3.1

  react@18.3.1:
    resolution: {integrity: sha512-wS+hAgJShR0KhEvPJArfuPVN1+Hz1t0Y6n5jLrGQbkb4urgPE/0Rve+1kMB1v/oWgHgm4WIcV+i7F2pTVj+2iQ==}
    engines: {node: '>=0.10.0'}

  scheduler@0.23.2:
    resolution: {integrity: sha512-UOShsPwz7NrMUqhR6t0hWjFduvOzbtv7toDH1/hIrfRNIDBnnBWd0CwJTGvTpngVlmwGCdP9/Zl/tVrDqcuYzQ==}

  typescript@5.9.3:
    resolution: {integrity: sha512-jl1vZzPDinLr9eUt3J/t7V6FgNEw9QjvBPdysz9KfQDD41fQrC2Y4vKQdiaUpFT4bXlb1RHhLpp8wtm6M5TgSw==}
    engines: {node: '>=14.17'}
    hasBin: true

  undici-types@6.21.0:
    resolution: {integrity: sha512-iwDZqg0QAGrg9Rav5H4n0M64c3mkR59cJ6wQp+7C4nI0gsmExaedaYLNO44eT4AtBBwjbTiGPMlt2Md0T9H9JQ==}

  zod@4.4.3:
    resolution: {integrity: sha512-ytENFjIJFl2UwYglde2jchW2Hwm4GJFLDiSXWdTrJQBIN9Fcyp7n4DhxJEiWNAJMV1/BqWfW/kkg71UDcHJyTQ==}

snapshots:

  '@deepseek-ai/cordis@4.0.2':
    dependencies:
      '@deepseek-ai/cosmokit': 1.8.3
      '@standard-schema/spec': 1.1.0

  '@deepseek-ai/cosmokit@1.8.3': {}

  '@deepseek-ai/dsh-agent@0.1.5-rc.2(6df6622855b87cb7fde1fe609a6d039a)':
    dependencies:
      '@deepseek-ai/cordis': 4.0.2
      '@deepseek-ai/dsh-invariants': 0.1.5-rc.2(@deepseek-ai/cordis@4.0.2)
      '@deepseek-ai/dsh-llm': 0.1.5-rc.2(@deepseek-ai/cordis@4.0.2)
      '@deepseek-ai/dsh-scope': 0.1.5-rc.2(@deepseek-ai/cordis@4.0.2)(@deepseek-ai/dsh-invariants@0.1.5-rc.2(@deepseek-ai/cordis@4.0.2))
      '@deepseek-ai/dsh-session': 0.1.5-rc.2(@deepseek-ai/cordis@4.0.2)(@deepseek-ai/dsh-scope@0.1.5-rc.2(@deepseek-ai/cordis@4.0.2)(@deepseek-ai/dsh-invariants@0.1.5-rc.2(@deepseek-ai/cordis@4.0.2)))
      '@deepseek-ai/dsh-session-projection': 0.1.5-rc.2(@deepseek-ai/cordis@4.0.2)(@deepseek-ai/dsh-session@0.1.5-rc.2(@deepseek-ai/cordis@4.0.2)(@deepseek-ai/dsh-scope@0.1.5-rc.2(@deepseek-ai/cordis@4.0.2)(@deepseek-ai/dsh-invariants@0.1.5-rc.2(@deepseek-ai/cordis@4.0.2))))
      '@deepseek-ai/dsh-system-prompt': 0.1.5-rc.2(@deepseek-ai/cordis@4.0.2)(@deepseek-ai/dsh-invariants@0.1.5-rc.2(@deepseek-ai/cordis@4.0.2))(@deepseek-ai/dsh-llm@0.1.5-rc.2(@deepseek-ai/cordis@4.0.2))(@deepseek-ai/dsh-scope@0.1.5-rc.2(@deepseek-ai/cordis@4.0.2)(@deepseek-ai/dsh-invariants@0.1.5-rc.2(@deepseek-ai/cordis@4.0.2)))
      '@deepseek-ai/dsh-typert-protocol': 0.1.5-rc.2(@deepseek-ai/cordis@4.0.2)
      '@deepseek-ai/dsh-util-values': 0.1.5-rc.2(@deepseek-ai/cordis@4.0.2)

  '@deepseek-ai/dsh-brand@0.1.5-rc.2(@deepseek-ai/cordis@4.0.2)':
    dependencies:
      '@deepseek-ai/cordis': 4.0.2

  '@deepseek-ai/dsh-client-connection@0.1.5-rc.2(@deepseek-ai/cordis@4.0.2)(@deepseek-ai/dsh-invariants@0.1.5-rc.2(@deepseek-ai/cordis@4.0.2))':
    dependencies:
      '@deepseek-ai/cordis': 4.0.2
      '@deepseek-ai/dsh-credentials': 0.1.5-rc.2(@deepseek-ai/cordis@4.0.2)(@deepseek-ai/dsh-invariants@0.1.5-rc.2(@deepseek-ai/cordis@4.0.2))
      '@deepseek-ai/schemastery': 3.18.2
      zod: 4.4.3
    transitivePeerDependencies:
      - '@deepseek-ai/dsh-invariants'

  '@deepseek-ai/dsh-client-locale@0.1.5-rc.2(@deepseek-ai/cordis@4.0.2)':
    dependencies:
      '@deepseek-ai/cordis': 4.0.2
      '@deepseek-ai/schemastery': 3.18.2

  '@deepseek-ai/dsh-credentials@0.1.5-rc.2(@deepseek-ai/cordis@4.0.2)(@deepseek-ai/dsh-invariants@0.1.5-rc.2(@deepseek-ai/cordis@4.0.2))':
    dependencies:
      '@deepseek-ai/cordis': 4.0.2
      '@deepseek-ai/dsh-brand': 0.1.5-rc.2(@deepseek-ai/cordis@4.0.2)
      '@deepseek-ai/dsh-invariants': 0.1.5-rc.2(@deepseek-ai/cordis@4.0.2)

  '@deepseek-ai/dsh-invariants@0.1.5-rc.2(@deepseek-ai/cordis@4.0.2)':
    dependencies:
      '@deepseek-ai/cordis': 4.0.2
      '@deepseek-ai/schemastery': 3.18.2

  '@deepseek-ai/dsh-llm@0.1.5-rc.2(@deepseek-ai/cordis@4.0.2)':
    dependencies:
      '@deepseek-ai/cordis': 4.0.2
      '@deepseek-ai/dsh-brand': 0.1.5-rc.2(@deepseek-ai/cordis@4.0.2)
      '@deepseek-ai/dsh-timeout': 0.1.5-rc.2(@deepseek-ai/cordis@4.0.2)
      '@deepseek-ai/dsh-typert-protocol': 0.1.5-rc.2(@deepseek-ai/cordis@4.0.2)
      '@deepseek-ai/dsh-util-crypto': 0.1.5-rc.2(@deepseek-ai/cordis@4.0.2)
      '@deepseek-ai/dsh-util-values': 0.1.5-rc.2(@deepseek-ai/cordis@4.0.2)
      '@deepseek-ai/schemastery': 3.18.2
      zod: 4.4.3

  '@deepseek-ai/dsh-scope@0.1.5-rc.2(@deepseek-ai/cordis@4.0.2)(@deepseek-ai/dsh-invariants@0.1.5-rc.2(@deepseek-ai/cordis@4.0.2))':
    dependencies:
      '@deepseek-ai/cordis': 4.0.2
      '@deepseek-ai/dsh-invariants': 0.1.5-rc.2(@deepseek-ai/cordis@4.0.2)

  '@deepseek-ai/dsh-session-projection@0.1.5-rc.2(@deepseek-ai/cordis@4.0.2)(@deepseek-ai/dsh-session@0.1.5-rc.2(@deepseek-ai/cordis@4.0.2)(@deepseek-ai/dsh-scope@0.1.5-rc.2(@deepseek-ai/cordis@4.0.2)(@deepseek-ai/dsh-invariants@0.1.5-rc.2(@deepseek-ai/cordis@4.0.2))))':
    dependencies:
      '@deepseek-ai/cordis': 4.0.2
      '@deepseek-ai/dsh-session': 0.1.5-rc.2(@deepseek-ai/cordis@4.0.2)(@deepseek-ai/dsh-scope@0.1.5-rc.2(@deepseek-ai/cordis@4.0.2)(@deepseek-ai/dsh-invariants@0.1.5-rc.2(@deepseek-ai/cordis@4.0.2)))
      zod: 4.4.3

  '@deepseek-ai/dsh-session@0.1.5-rc.2(@deepseek-ai/cordis@4.0.2)(@deepseek-ai/dsh-scope@0.1.5-rc.2(@deepseek-ai/cordis@4.0.2)(@deepseek-ai/dsh-invariants@0.1.5-rc.2(@deepseek-ai/cordis@4.0.2)))':
    dependencies:
      '@deepseek-ai/cordis': 4.0.2
      '@deepseek-ai/dsh-brand': 0.1.5-rc.2(@deepseek-ai/cordis@4.0.2)
      '@deepseek-ai/dsh-llm': 0.1.5-rc.2(@deepseek-ai/cordis@4.0.2)
      '@deepseek-ai/dsh-scope': 0.1.5-rc.2(@deepseek-ai/cordis@4.0.2)(@deepseek-ai/dsh-invariants@0.1.5-rc.2(@deepseek-ai/cordis@4.0.2))
      '@deepseek-ai/dsh-util-values': 0.1.5-rc.2(@deepseek-ai/cordis@4.0.2)

  '@deepseek-ai/dsh-settings@0.1.5-rc.2(@deepseek-ai/cordis@4.0.2)(@deepseek-ai/dsh-brand@0.1.5-rc.2(@deepseek-ai/cordis@4.0.2))(@deepseek-ai/dsh-invariants@0.1.5-rc.2(@deepseek-ai/cordis@4.0.2))(@deepseek-ai/dsh-session@0.1.5-rc.2(@deepseek-ai/cordis@4.0.2)(@deepseek-ai/dsh-scope@0.1.5-rc.2(@deepseek-ai/cordis@4.0.2)(@deepseek-ai/dsh-invariants@0.1.5-rc.2(@deepseek-ai/cordis@4.0.2))))(@deepseek-ai/schemastery@3.18.2)':
    dependencies:
      '@deepseek-ai/cordis': 4.0.2
      '@deepseek-ai/dsh-brand': 0.1.5-rc.2(@deepseek-ai/cordis@4.0.2)
      '@deepseek-ai/dsh-invariants': 0.1.5-rc.2(@deepseek-ai/cordis@4.0.2)
      '@deepseek-ai/dsh-session': 0.1.5-rc.2(@deepseek-ai/cordis@4.0.2)(@deepseek-ai/dsh-scope@0.1.5-rc.2(@deepseek-ai/cordis@4.0.2)(@deepseek-ai/dsh-invariants@0.1.5-rc.2(@deepseek-ai/cordis@4.0.2)))
      '@deepseek-ai/dsh-util-values': 0.1.5-rc.2(@deepseek-ai/cordis@4.0.2)
      '@deepseek-ai/schemastery': 3.18.2

  '@deepseek-ai/dsh-system-prompt@0.1.5-rc.2(@deepseek-ai/cordis@4.0.2)(@deepseek-ai/dsh-invariants@0.1.5-rc.2(@deepseek-ai/cordis@4.0.2))(@deepseek-ai/dsh-llm@0.1.5-rc.2(@deepseek-ai/cordis@4.0.2))(@deepseek-ai/dsh-scope@0.1.5-rc.2(@deepseek-ai/cordis@4.0.2)(@deepseek-ai/dsh-invariants@0.1.5-rc.2(@deepseek-ai/cordis@4.0.2)))':
    dependencies:
      '@deepseek-ai/cordis': 4.0.2
      '@deepseek-ai/dsh-invariants': 0.1.5-rc.2(@deepseek-ai/cordis@4.0.2)
      '@deepseek-ai/dsh-llm': 0.1.5-rc.2(@deepseek-ai/cordis@4.0.2)
      '@deepseek-ai/dsh-scope': 0.1.5-rc.2(@deepseek-ai/cordis@4.0.2)(@deepseek-ai/dsh-invariants@0.1.5-rc.2(@deepseek-ai/cordis@4.0.2))
      '@deepseek-ai/schemastery': 3.18.2

  '@deepseek-ai/dsh-timeout@0.1.5-rc.2(@deepseek-ai/cordis@4.0.2)':
    dependencies:
      '@deepseek-ai/cordis': 4.0.2

  '@deepseek-ai/dsh-typert-protocol@0.1.5-rc.2(@deepseek-ai/cordis@4.0.2)':
    dependencies:
      '@deepseek-ai/cordis': 4.0.2

  '@deepseek-ai/dsh-user-approval@0.1.5-rc.2(@deepseek-ai/cordis@4.0.2)(@deepseek-ai/dsh-agent@0.1.5-rc.2(6df6622855b87cb7fde1fe609a6d039a))(@deepseek-ai/dsh-brand@0.1.5-rc.2(@deepseek-ai/cordis@4.0.2))(@deepseek-ai/dsh-invariants@0.1.5-rc.2(@deepseek-ai/cordis@4.0.2))(@deepseek-ai/dsh-llm@0.1.5-rc.2(@deepseek-ai/cordis@4.0.2))(@deepseek-ai/dsh-scope@0.1.5-rc.2(@deepseek-ai/cordis@4.0.2)(@deepseek-ai/dsh-invariants@0.1.5-rc.2(@deepseek-ai/cordis@4.0.2)))(@deepseek-ai/dsh-session@0.1.5-rc.2(@deepseek-ai/cordis@4.0.2)(@deepseek-ai/dsh-scope@0.1.5-rc.2(@deepseek-ai/cordis@4.0.2)(@deepseek-ai/dsh-invariants@0.1.5-rc.2(@deepseek-ai/cordis@4.0.2))))(@deepseek-ai/dsh-system-prompt@0.1.5-rc.2(@deepseek-ai/cordis@4.0.2)(@deepseek-ai/dsh-invariants@0.1.5-rc.2(@deepseek-ai/cordis@4.0.2))(@deepseek-ai/dsh-llm@0.1.5-rc.2(@deepseek-ai/cordis@4.0.2))(@deepseek-ai/dsh-scope@0.1.5-rc.2(@deepseek-ai/cordis@4.0.2)(@deepseek-ai/dsh-invariants@0.1.5-rc.2(@deepseek-ai/cordis@4.0.2))))':
    dependencies:
      '@deepseek-ai/cordis': 4.0.2
      '@deepseek-ai/dsh-agent': 0.1.5-rc.2(6df6622855b87cb7fde1fe609a6d039a)
      '@deepseek-ai/dsh-brand': 0.1.5-rc.2(@deepseek-ai/cordis@4.0.2)
      '@deepseek-ai/dsh-invariants': 0.1.5-rc.2(@deepseek-ai/cordis@4.0.2)
      '@deepseek-ai/dsh-llm': 0.1.5-rc.2(@deepseek-ai/cordis@4.0.2)
      '@deepseek-ai/dsh-scope': 0.1.5-rc.2(@deepseek-ai/cordis@4.0.2)(@deepseek-ai/dsh-invariants@0.1.5-rc.2(@deepseek-ai/cordis@4.0.2))
      '@deepseek-ai/dsh-session': 0.1.5-rc.2(@deepseek-ai/cordis@4.0.2)(@deepseek-ai/dsh-scope@0.1.5-rc.2(@deepseek-ai/cordis@4.0.2)(@deepseek-ai/dsh-invariants@0.1.5-rc.2(@deepseek-ai/cordis@4.0.2)))
      '@deepseek-ai/dsh-system-prompt': 0.1.5-rc.2(@deepseek-ai/cordis@4.0.2)(@deepseek-ai/dsh-invariants@0.1.5-rc.2(@deepseek-ai/cordis@4.0.2))(@deepseek-ai/dsh-llm@0.1.5-rc.2(@deepseek-ai/cordis@4.0.2))(@deepseek-ai/dsh-scope@0.1.5-rc.2(@deepseek-ai/cordis@4.0.2)(@deepseek-ai/dsh-invariants@0.1.5-rc.2(@deepseek-ai/cordis@4.0.2)))
      '@deepseek-ai/schemastery': 3.18.2

  '@deepseek-ai/dsh-util-crypto@0.1.5-rc.2(@deepseek-ai/cordis@4.0.2)':
    dependencies:
      '@deepseek-ai/cordis': 4.0.2

  '@deepseek-ai/dsh-util-values@0.1.5-rc.2(@deepseek-ai/cordis@4.0.2)':
    dependencies:
      '@deepseek-ai/cordis': 4.0.2

  '@deepseek-ai/schemastery@3.18.2':
    dependencies:
      '@deepseek-ai/cosmokit': 1.8.3
      '@standard-schema/spec': 1.1.0

  '@standard-schema/spec@1.1.0': {}

  '@types/node@22.20.1':
    dependencies:
      undici-types: 6.21.0

  js-tokens@4.0.0: {}

  loose-envify@1.4.0:
    dependencies:
      js-tokens: 4.0.0

  react-dom@18.3.1(react@18.3.1):
    dependencies:
      loose-envify: 1.4.0
      react: 18.3.1
      scheduler: 0.23.2

  react@18.3.1:
    dependencies:
      loose-envify: 1.4.0

  scheduler@0.23.2:
    dependencies:
      loose-envify: 1.4.0

  typescript@5.9.3: {}

  undici-types@6.21.0: {}

  zod@4.4.3: {}
